
Microsoft Visual Studio Solution File, Format Version 12.00
# Visual Studio Version 17
VisualStudioVersion = 17.10.34928.147
MinimumVisualStudioVersion = 10.0.40219.1
Project("{FAE04EC0-301F-11D3-BF4B-00C04F79EFBC}") = "CatalogoJogos", "CatalogoJogos.csproj", "{7A08C7A5-2411-4A52-A23F-15363F1F4ADD}"
EndProject
Global
	GlobalSection(SolutionConfigurationPlatforms) = preSolution
		Debug|Any CPU = Debug|Any CPU
		Release|Any CPU = Release|Any CPU
	EndGlobalSection
	GlobalSection(ProjectConfigurationPlatforms) = postSolution
		{7A08C7A5-2411-4A52-A23F-15363F1F4ADD}.Debug|Any CPU.ActiveCfg = Debug|Any CPU
		{7A08C7A5-2411-4A52-A23F-15363F1F4ADD}.Debug|Any CPU.Build.0 = Debug|Any CPU
		{7A08C7A5-2411-4A52-A23F-15363F1F4ADD}.Release|Any CPU.ActiveCfg = Release|Any CPU
		{7A08C7A5-2411-4A52-A23F-15363F1F4ADD}.Release|Any CPU.Build.0 = Release|Any CPU
	EndGlobalSection
	GlobalSection(SolutionProperties) = preSolution
		HideSolutionNode = FALSE
	EndGlobalSection
	GlobalSection(ExtensibilityGlobals) = postSolution
		SolutionGuid = {445D9927-869E-463B-A65C-A9C0FBEDCDB1}
	EndGlobalSection
EndGlobal
